
Microsoft Visual Studio Solution File, Format Version 12.00
# Visual Studio Version 16
VisualStudioVersion = 16.0.31205.134
MinimumVisualStudioVersion = 10.0.40219.1
Project("{FAE04EC0-301F-11D3-BF4B-00C04F79EFBC}") = "JenkinsDemo", "JenkinsDemo.csproj", "{7D5E02E6-B259-466A-9D0A-7E38449496A5}"
EndProject
Global
	GlobalSection(SolutionConfigurationPlatforms) = preSolution
		Debug|Any CPU = Debug|Any CPU
		Release|Any CPU = Release|Any CPU
	EndGlobalSection
	GlobalSection(ProjectConfigurationPlatforms) = postSolution
		{7D5E02E6-B259-466A-9D0A-7E38449496A5}.Debug|Any CPU.ActiveCfg = Debug|Any CPU
		{7D5E02E6-B259-466A-9D0A-7E38449496A5}.Debug|Any CPU.Build.0 = Debug|Any CPU
		{7D5E02E6-B259-466A-9D0A-7E38449496A5}.Release|Any CPU.ActiveCfg = Release|Any CPU
		{7D5E02E6-B259-466A-9D0A-7E38449496A5}.Release|Any CPU.Build.0 = Release|Any CPU
	EndGlobalSection
	GlobalSection(SolutionProperties) = preSolution
		HideSolutionNode = FALSE
	EndGlobalSection
	GlobalSection(ExtensibilityGlobals) = postSolution
		SolutionGuid = {FA32CB5F-4F47-40C2-BC07-4298BB990D53}
	EndGlobalSection
EndGlobal
